// !$*UTF8*$!
{
	archiveVersion = 1;
	classes = {
	};
	objectVersion = 48;
	objects = {

/* Begin PBXBuildFile section */
		6389BF6F1F8ABD4300CDC485 /* AppDelegate.swift in Sources */ = {isa = PBXBuildFile; fileRef = 6389BF6E1F8ABD4300CDC485 /* AppDelegate.swift */; };
		6389BF741F8ABD4300CDC485 /* Main.storyboard in Resources */ = {isa = PBXBuildFile; fileRef = 6389BF721F8ABD4300CDC485 /* Main.storyboard */; };
		6389BF761F8ABD4300CDC485 /* Assets.xcassets in Resources */ = {isa = PBXBuildFile; fileRef = 6389BF751F8ABD4300CDC485 /* Assets.xcassets */; };
		6389BF791F8ABD4300CDC485 /* LaunchScreen.storyboard in Resources */ = {isa = PBXBuildFile; fileRef = 6389BF771F8ABD4300CDC485 /* LaunchScreen.storyboard */; };
		6389BF811F8AC43D00CDC485 /* ChristmasTableViewController.swift in Sources */ = {isa = PBXBuildFile; fileRef = 6389BF801F8AC43D00CDC485 /* ChristmasTableViewController.swift */; };
		6389BF831F8AC71B00CDC485 /* PresentsTableViewCell.swift in Sources */ = {isa = PBXBuildFile; fileRef = 6389BF821F8AC71B00CDC485 /* PresentsTableViewCell.swift */; };
/* End PBXBuildFile section */

/* Begin PBXFileReference section */
		6389BF6B1F8ABD4300CDC485 /* PresentBase.app */ = {isa = PBXFileReference; explicitFileType = wrapper.application; includeInIndex = 0; path = PresentBase.app; sourceTree = BUILT_PRODUCTS_DIR; };
		6389BF6E1F8ABD4300CDC485 /* AppDelegate.swift */ = {isa = PBXFileReference; lastKnownFileType = sourcecode.swift; path = AppDelegate.swift; sourceTree = "<group>"; };
		6389BF731F8ABD4300CDC485 /* Base */ = {isa = PBXFileReference; lastKnownFileType = file.storyboard; name = Base; path = Base.lproj/Main.storyboard; sourceTree = "<group>"; };
		6389BF751F8ABD4300CDC485 /* Assets.xcassets */ = {isa = PBXFileReference; lastKnownFileType = folder.assetcatalog; path = Assets.xcassets; sourceTree = "<group>"; };
		6389BF781F8ABD4300CDC485 /* Base */ = {isa = PBXFileReference; lastKnownFileType = file.storyboard; name = Base; path = Base.lproj/LaunchScreen.storyboard; sourceTree = "<group>"; };
		6389BF7A1F8ABD4300CDC485 /* Info.plist */ = {isa = PBXFileReference; lastKnownFileType = text.plist.xml; path = Info.plist; sourceTree = "<group>"; };
		6389BF801F8AC43D00CDC485 /* ChristmasTableViewController.swift */ = {isa = PBXFileReference; lastKnownFileType = sourcecode.swift; path = ChristmasTableViewController.swift; sourceTree = "<group>"; };
		6389BF821F8AC71B00CDC485 /* PresentsTableViewCell.swift */ = {isa = PBXFileReference; lastKnownFileType = sourcecode.swift; path = PresentsTableViewCell.swift; sourceTree = "<group>"; };
/* End PBXFileReference section */

/* Begin PBXFrameworksBuildPhase section */
		6389BF681F8ABD4300CDC485 /* Frameworks */ = {
			isa = PBXFrameworksBuildPhase;
			buildActionMask = 2147483647;
			files = (
			);
			runOnlyForDeploymentPostprocessing = 0;
		};
/* End PBXFrameworksBuildPhase section */

/* Begin PBXGroup section */
		6389BF621F8ABD4300CDC485 = {
			isa = PBXGroup;
			children = (
				6389BF6D1F8ABD4300CDC485 /* PresentBase */,
				6389BF6C1F8ABD4300CDC485 /* Products */,
			);
			sourceTree = "<group>";
		};
		6389BF6C1F8ABD4300CDC485 /* Products */ = {
			isa = PBXGroup;
			children = (
				6389BF6B1F8ABD4300CDC485 /* PresentBase.app */,
			);
			name = Products;
			sourceTree = "<group>";
		};
		6389BF6D1F8ABD4300CDC485 /* PresentBase */ = {
			isa = PBXGroup;
			children = (
				6389BF6E1F8ABD4300CDC485 /* AppDelegate.swift */,
				6389BF721F8ABD4300CDC485 /* Main.storyboard */,
				6389BF801F8AC43D00CDC485 /* ChristmasTableViewController.swift */,
				6389BF821F8AC71B00CDC485 /* PresentsTableViewCell.swift */,
				6389BF751F8ABD4300CDC485 /* Assets.xcassets */,
				6389BF771F8ABD4300CDC485 /* LaunchScreen.storyboard */,
				6389BF7A1F8ABD4300CDC485 /* Info.plist */,
			);
			path = PresentBase;
			sourceTree = "<group>";
		};
/* End PBXGroup section */

/* Begin PBXNativeTarget section */
		6389BF6A1F8ABD4300CDC485 /* PresentBase */ = {
			isa = PBXNativeTarget;
			buildConfigurationList = 6389BF7D1F8ABD4300CDC485 /* Build configuration list for PBXNativeTarget "PresentBase" */;
			buildPhases = (
				6389BF671F8ABD4300CDC485 /* Sources */,
				6389BF681F8ABD4300CDC485 /* Frameworks */,
				6389BF691F8ABD4300CDC485 /* Resources */,
			);
			buildRules = (
			);
			dependencies = (
			);
			name = PresentBase;
			productName = PresentBase;
			productReference = 6389BF6B1F8ABD4300CDC485 /* PresentBase.app */;
			productType = "com.apple.product-type.application";
		};
/* End PBXNativeTarget section */

/* Begin PBXProject section */
		6389BF631F8ABD4300CDC485 /* Project object */ = {
			isa = PBXProject;
			attributes = {
				LastSwiftUpdateCheck = 0900;
				LastUpgradeCheck = 0900;
				ORGANIZATIONNAME = A1;
				TargetAttributes = {
					6389BF6A1F8ABD4300CDC485 = {
						CreatedOnToolsVersion = 9.0;
						ProvisioningStyle = Automatic;
					};
				};
			};
			buildConfigurationList = 6389BF661F8ABD4300CDC485 /* Build configuration list for PBXProject "PresentBase" */;
			compatibilityVersion = "Xcode 8.0";
			developmentRegion = en;
			hasScannedForEncodings = 0;
			knownRegions = (
				en,
				Base,
			);
			mainGroup = 6389BF621F8ABD4300CDC485;
			productRefGroup = 6389BF6C1F8ABD4300CDC485 /* Products */;
			projectDirPath = "";
			projectRoot = "";
			targets = (
				6389BF6A1F8ABD4300CDC485 /* PresentBase */,
			);
		};
/* End PBXProject section */

/* Begin PBXResourcesBuildPhase section */
		6389BF691F8ABD4300CDC485 /* Resources */ = {
			isa = PBXResourcesBuildPhase;
			buildActionMask = 2147483647;
			files = (
				6389BF791F8ABD4300CDC485 /* LaunchScreen.storyboard in Resources */,
				6389BF761F8ABD4300CDC485 /* Assets.xcassets in Resources */,
				6389BF741F8ABD4300CDC485 /* Main.storyboard in Resources */,
			);
			runOnlyForDeploymentPostprocessing = 0;
		};
/* End PBXResourcesBuildPhase section */

/* Begin PBXSourcesBuildPhase section */
		6389BF671F8ABD4300CDC485 /* Sources */ = {
			isa = PBXSourcesBuildPhase;
			buildActionMask = 2147483647;
			files = (
				6389BF811F8AC43D00CDC485 /* ChristmasTableViewController.swift in Sources */,
				6389BF6F1F8ABD4300CDC485 /* AppDelegate.swift in Sources */,
				6389BF831F8AC71B00CDC485 /* PresentsTableViewCell.swift in Sources */,
			);
			runOnlyForDeploymentPostprocessing = 0;
		};
/* End PBXSourcesBuildPhase section */

/* Begin PBXVariantGroup section */
		6389BF721F8ABD4300CDC485 /* Main.storyboard */ = {
			isa = PBXVariantGroup;
			children = (
				6389BF731F8ABD4300CDC485 /* Base */,
			);
			name = Main.storyboard;
			sourceTree = "<group>";
		};
		6389BF771F8ABD4300CDC485 /* LaunchScreen.storyboard */ = {
			isa = PBXVariantGroup;
			children = (
				6389BF781F8ABD4300CDC485 /* Base */,
			);
			name = LaunchScreen.storyboard;
			sourceTree = "<group>";
		};
/* End PBXVariantGroup section */

/* Begin XCBuildConfiguration section */
		6389BF7B1F8ABD4300CDC485 /* Debug */ = {
			isa = XCBuildConfiguration;
			buildSettings = {
				ALWAYS_SEARCH_USER_PATHS = NO;
				CLANG_ANALYZER_NONNULL = YES;
				CLANG_ANALYZER_NUMBER_OBJECT_CONVERSION = YES_AGGRESSIVE;
				CLANG_CXX_LANGUAGE_STANDARD = "gnu++14";
				CLANG_CXX_LIBRARY = "libc++";
				CLANG_ENABLE_MODULES = YES;
				CLANG_ENABLE_OBJC_ARC = YES;
				CLANG_WARN_BLOCK_CAPTURE_AUTORELEASING = YES;
				CLANG_WARN_BOOL_CONVERSION = YES;
				CLANG_WARN_COMMA = YES;
				CLANG_WARN_CONSTANT_CONVERSION = YES;
				CLANG_WARN_DIRECT_OBJC_ISA_USAGE = YES_ERROR;
				CLANG_WARN_DOCUMENTATION_COMMENTS = YES;
				CLANG_WARN_EMPTY_BODY = YES;
				CLANG_WARN_ENUM_CONVERSION = YES;
				CLANG_WARN_INFINITE_RECURSION = YES;
				CLANG_WARN_INT_CONVERSION = YES;
				CLANG_WARN_NON_LITERAL_NULL_CONVERSION = YES;
				CLANG_WARN_OBJC_LITERAL_CONVERSION = YES;
				CLANG_WARN_OBJC_ROOT_CLASS = YES_ERROR;
				CLANG_WARN_RANGE_LOOP_ANALYSIS = YES;
				CLANG_WARN_STRICT_PROTOTYPES = YES;
				CLANG_WARN_SUSPICIOUS_MOVE = YES;
				CLANG_WARN_UNGUARDED_AVAILABILITY = YES_AGGRESSIVE;
				CLANG_WARN_UNREACHABLE_CODE = YES;
				CLANG_WARN__DUPLICATE_METHOD_MATCH = YES;
				CODE_SIGN_IDENTITY = "iPhone Developer";
				COPY_PHASE_STRIP = NO;
				DEBUG_INFORMATION_FORMAT = dwarf;
				ENABLE_STRICT_OBJC_MSGSEND = YES;
				ENABLE_TESTABILITY = YES;
				GCC_C_LANGUAGE_STANDARD = gnu11;
				GCC_DYNAMIC_NO_PIC = NO;
				GCC_NO_COMMON_BLOCKS = YES;
				GCC_OPTIMIZATION_LEVEL = 0;
				GCC_PREPROCESSOR_DEFINITIONS = (
					"DEBUG=1",
					"$(inherited)",
				);
				GCC_WARN_64_TO_32_BIT_CONVERSION = YES;
				GCC_WARN_ABOUT_RETURN_TYPE = YES_ERROR;
				GCC_WARN_UNDECLARED_SELECTOR = YES;
				GCC_WARN_UNINITIALIZED_AUTOS = YES_AGGRESSIVE;
				GCC_WARN_UNUSED_FUNCTION = YES;
				GCC_WARN_UNUSED_VARIABLE = YES;
				IPHONEOS_DEPLOYMENT_TARGET = 11.0;
				MTL_ENABLE_DEBUG_INFO = YES;
				ONLY_ACTIVE_ARCH = YES;
				SDKROOT = iphoneos;
				SWIFT_ACTIVE_COMPILATION_CONDITIONS = DEBUG;
				SWIFT_OPTIMIZATION_LEVEL = "-Onone";
			};
			name = Debug;
		};
		6389BF7C1F8ABD4300CDC485 /* Release */ = {
			isa = XCBuildConfiguration;
			buildSettings = {
				ALWAYS_SEARCH_USER_PATHS = NO;
				CLANG_ANALYZER_NONNULL = YES;
				CLANG_ANALYZER_NUMBER_OBJECT_CONVERSION = YES_AGGRESSIVE;
				CLANG_CXX_LANGUAGE_STANDARD = "gnu++14";
				CLANG_CXX_LIBRARY = "libc++";
				CLANG_ENABLE_MODULES = YES;
				CLANG_ENABLE_OBJC_ARC = YES;
				CLANG_WARN_BLOCK_CAPTURE_AUTORELEASING = YES;
				CLANG_WARN_BOOL_CONVERSION = YES;
				CLANG_WARN_COMMA = YES;
				CLANG_WARN_CONSTANT_CONVERSION = YES;
				CLANG_WARN_DIRECT_OBJC_ISA_USAGE = YES_ERROR;
				CLANG_WARN_DOCUMENTATION_COMMENTS = YES;
				CLANG_WARN_EMPTY_BODY = YES;
				CLANG_WARN_ENUM_CONVERSION = YES;
				CLANG_WARN_INFINITE_RECURSION = YES;
				CLANG_WARN_INT_CONVERSION = YES;
				CLANG_WARN_NON_LITERAL_NULL_CONVERSION = YES;
				CLANG_WARN_OBJC_LITERAL_CONVERSION = YES;
				CLANG_WARN_OBJC_ROOT_CLASS = YES_ERROR;
				CLANG_WARN_RANGE_LOOP_ANALYSIS = YES;
				CLANG_WARN_STRICT_PROTOTYPES = YES;
				CLANG_WARN_SUSPICIOUS_MOVE = YES;
				CLANG_WARN_UNGUARDED_AVAILABILITY = YES_AGGRESSIVE;
				CLANG_WARN_UNREACHABLE_CODE = YES;
				CLANG_WARN__DUPLICATE_METHOD_MATCH = YES;
				CODE_SIGN_IDENTITY = "iPhone Developer";
				COPY_PHASE_STRIP = NO;
				DEBUG_INFORMATION_FORMAT = "dwarf-with-dsym";
				ENABLE_NS_ASSERTIONS = NO;
				ENABLE_STRICT_OBJC_MSGSEND = YES;
				GCC_C_LANGUAGE_STANDARD = gnu11;
				GCC_NO_COMMON_BLOCKS = YES;
				GCC_WARN_64_TO_32_BIT_CONVERSION = YES;
				GCC_WARN_ABOUT_RETURN_TYPE = YES_ERROR;
				GCC_WARN_UNDECLARED_SELECTOR = YES;
				GCC_WARN_UNINITIALIZED_AUTOS = YES_AGGRESSIVE;
				GCC_WARN_UNUSED_FUNCTION = YES;
				GCC_WARN_UNUSED_VARIABLE = YES;
				IPHONEOS_DEPLOYMENT_TARGET = 11.0;
				MTL_ENABLE_DEBUG_INFO = NO;
				SDKROOT = iphoneos;
				SWIFT_OPTIMIZATION_LEVEL = "-Owholemodule";
				VALIDATE_PRODUCT = YES;
			};
			name = Release;
		};
		6389BF7E1F8ABD4300CDC485 /* Debug */ = {
			isa = XCBuildConfiguration;
			buildSettings = {
				ASSETCATALOG_COMPILER_APPICON_NAME = AppIcon;
				CODE_SIGN_STYLE = Automatic;
				DEVELOPMENT_TEAM = 64SQX3A695;
				INFOPLIST_FILE = PresentBase/Info.plist;
				LD_RUNPATH_SEARCH_PATHS = "$(inherited) @executable_path/Frameworks";
				PRODUCT_BUNDLE_IDENTIFIER = com.mycompany.PresentBase;
				PRODUCT_NAME = "$(TARGET_NAME)";
				SWIFT_VERSION = 4.0;
				TARGETED_DEVICE_FAMILY = "1,2";
			};
			name = Debug;
		};
		6389BF7F1F8ABD4300CDC485 /* Release */ = {
			isa = XCBuildConfiguration;
			buildSettings = {
				ASSETCATALOG_COMPILER_APPICON_NAME = AppIcon;
				CODE_SIGN_STYLE = Automatic;
				DEVELOPMENT_TEAM = 64SQX3A695;
				INFOPLIST_FILE = PresentBase/Info.plist;
				LD_RUNPATH_SEARCH_PATHS = "$(inherited) @executable_path/Frameworks";
				PRODUCT_BUNDLE_IDENTIFIER = com.mycompany.PresentBase;
				PRODUCT_NAME = "$(TARGET_NAME)";
				SWIFT_VERSION = 4.0;
				TARGETED_DEVICE_FAMILY = "1,2";
			};
			name = Release;
		};
/* End XCBuildConfiguration section */

/* Begin XCConfigurationList section */
		6389BF661F8ABD4300CDC485 /* Build configuration list for PBXProject "PresentBase" */ = {
			isa = XCConfigurationList;
			buildConfigurations = (
				6389BF7B1F8ABD4300CDC485 /* Debug */,
				6389BF7C1F8ABD4300CDC485 /* Release */,
			);
			defaultConfigurationIsVisible = 0;
			defaultConfigurationName = Release;
		};
		6389BF7D1F8ABD4300CDC485 /* Build configuration list for PBXNativeTarget "PresentBase" */ = {
			isa = XCConfigurationList;
			buildConfigurations = (
				6389BF7E1F8ABD4300CDC485 /* Debug */,
				6389BF7F1F8ABD4300CDC485 /* Release */,
			);
			defaultConfigurationIsVisible = 0;
			defaultConfigurationName = Release;
		};
/* End XCConfigurationList section */
	};
	rootObject = 6389BF631F8ABD4300CDC485 /* Project object */;
}
